
Microsoft Visual Studio Solution File, Format Version 12.00
Project("{FAE04EC0-301F-11D3-BF4B-00C04F79EFBC}") = "ParkingLotApi", "ParkingLotApi\ParkingLotApi.csproj", "{9E85CC7A-60A1-4489-A79F-D6FD7A269576}"
EndProject
Global
	GlobalSection(SolutionConfigurationPlatforms) = preSolution
		Debug|Any CPU = Debug|Any CPU
		Release|Any CPU = Release|Any CPU
	EndGlobalSection
	GlobalSection(ProjectConfigurationPlatforms) = postSolution
		{9E85CC7A-60A1-4489-A79F-D6FD7A269576}.Debug|Any CPU.ActiveCfg = Debug|Any CPU
		{9E85CC7A-60A1-4489-A79F-D6FD7A269576}.Debug|Any CPU.Build.0 = Debug|Any CPU
		{9E85CC7A-60A1-4489-A79F-D6FD7A269576}.Release|Any CPU.ActiveCfg = Release|Any CPU
		{9E85CC7A-60A1-4489-A79F-D6FD7A269576}.Release|Any CPU.Build.0 = Release|Any CPU
	EndGlobalSection
EndGlobal
